Microsoft Visual Studio Solution File, Format Version 12.00
# Visual Studio Version 18
VisualStudioVersion = 18.5.11723.231
MinimumVisualStudioVersion = 10.0.40219.1
Project("{8BC9CEB8-8B4A-11D0-8D11-00A0C91BC942}") = "Application_solo", "Application_solo\Application_solo.vcxproj", "{B7A4C62A-5D11-40D9-98F4-0A1D6B8F42E0}"
	ProjectSection(ProjectDependencies) = postProject
		{665A39E3-3BBB-4705-ABBE-36F254FBDAB2} = {665A39E3-3BBB-4705-ABBE-36F254FBDAB2}
	EndProjectSection
EndProject
Project("{8BC9CEB8-8B4A-11D0-8D11-00A0C91BC942}") = "IrufemiEngine", "IrufemiEngine\IrufemiEngine.vcxproj", "{E7D83BAB-90F9-4841-B6EB-516D3E28214F}"
EndProject
Project("{8BC9CEB8-8B4A-11D0-8D11-00A0C91BC942}") = "DirectXTex", "externals\DirectXTex\DirectXTex_Desktop_2022_Win10.vcxproj", "{371B9FA9-4C90-4AC6-A123-ACED756D6C77}"
EndProject
Project("{8BC9CEB8-8B4A-11D0-8D11-00A0C91BC942}") = "imgui", "externals\imgui\imgui.vcxproj", "{665A39E3-3BBB-4705-ABBE-36F254FBDAB2}"
EndProject
Global
	GlobalSection(SolutionConfigurationPlatforms) = preSolution
		Debug|x64 = Debug|x64
		Development|x64 = Development|x64
		Editor|x64 = Editor|x64
		Release|x64 = Release|x64
	EndGlobalSection
	GlobalSection(ProjectConfigurationPlatforms) = postSolution
		{B7A4C62A-5D11-40D9-98F4-0A1D6B8F42E0}.Debug|x64.ActiveCfg = Debug|x64
		{B7A4C62A-5D11-40D9-98F4-0A1D6B8F42E0}.Debug|x64.Build.0 = Debug|x64
		{B7A4C62A-5D11-40D9-98F4-0A1D6B8F42E0}.Development|x64.ActiveCfg = Development|x64
		{B7A4C62A-5D11-40D9-98F4-0A1D6B8F42E0}.Development|x64.Build.0 = Development|x64
		{B7A4C62A-5D11-40D9-98F4-0A1D6B8F42E0}.Editor|x64.ActiveCfg = Editor|x64
		{B7A4C62A-5D11-40D9-98F4-0A1D6B8F42E0}.Editor|x64.Build.0 = Editor|x64
		{B7A4C62A-5D11-40D9-98F4-0A1D6B8F42E0}.Release|x64.ActiveCfg = Release|x64
		{B7A4C62A-5D11-40D9-98F4-0A1D6B8F42E0}.Release|x64.Build.0 = Release|x64
		{E7D83BAB-90F9-4841-B6EB-516D3E28214F}.Debug|x64.ActiveCfg = Debug|x64
		{E7D83BAB-90F9-4841-B6EB-516D3E28214F}.Debug|x64.Build.0 = Debug|x64
		{E7D83BAB-90F9-4841-B6EB-516D3E28214F}.Development|x64.ActiveCfg = Development|x64
		{E7D83BAB-90F9-4841-B6EB-516D3E28214F}.Development|x64.Build.0 = Development|x64
		{E7D83BAB-90F9-4841-B6EB-516D3E28214F}.Editor|x64.ActiveCfg = Editor|x64
		{E7D83BAB-90F9-4841-B6EB-516D3E28214F}.Editor|x64.Build.0 = Editor|x64
		{E7D83BAB-90F9-4841-B6EB-516D3E28214F}.Release|x64.ActiveCfg = Release|x64
		{E7D83BAB-90F9-4841-B6EB-516D3E28214F}.Release|x64.Build.0 = Release|x64
		{371B9FA9-4C90-4AC6-A123-ACED756D6C77}.Debug|x64.ActiveCfg = Debug|x64
		{371B9FA9-4C90-4AC6-A123-ACED756D6C77}.Debug|x64.Build.0 = Debug|x64
		{371B9FA9-4C90-4AC6-A123-ACED756D6C77}.Development|x64.ActiveCfg = Development|x64
		{371B9FA9-4C90-4AC6-A123-ACED756D6C77}.Development|x64.Build.0 = Development|x64
		{371B9FA9-4C90-4AC6-A123-ACED756D6C77}.Editor|x64.ActiveCfg = Editor|x64
		{371B9FA9-4C90-4AC6-A123-ACED756D6C77}.Editor|x64.Build.0 = Editor|x64
		{371B9FA9-4C90-4AC6-A123-ACED756D6C77}.Release|x64.ActiveCfg = Release|x64
		{371B9FA9-4C90-4AC6-A123-ACED756D6C77}.Release|x64.Build.0 = Release|x64
		{665A39E3-3BBB-4705-ABBE-36F254FBDAB2}.Debug|x64.ActiveCfg = Debug|x64
		{665A39E3-3BBB-4705-ABBE-36F254FBDAB2}.Debug|x64.Build.0 = Debug|x64
		{665A39E3-3BBB-4705-ABBE-36F254FBDAB2}.Development|x64.ActiveCfg = Development|x64
		{665A39E3-3BBB-4705-ABBE-36F254FBDAB2}.Development|x64.Build.0 = Development|x64
		{665A39E3-3BBB-4705-ABBE-36F254FBDAB2}.Editor|x64.ActiveCfg = Editor|x64
		{665A39E3-3BBB-4705-ABBE-36F254FBDAB2}.Editor|x64.Build.0 = Editor|x64
		{665A39E3-3BBB-4705-ABBE-36F254FBDAB2}.Release|x64.ActiveCfg = Release|x64
		{665A39E3-3BBB-4705-ABBE-36F254FBDAB2}.Release|x64.Build.0 = Release|x64
	EndGlobalSection
	GlobalSection(SolutionProperties) = preSolution
		HideSolutionNode = FALSE
	EndGlobalSection
	GlobalSection(ExtensibilityGlobals) = postSolution
		SolutionGuid = {A436D094-9901-4386-A53B-A6486E1530CF}
	EndGlobalSection
EndGlobal
